{
  "name": "resume",
  "version": "1.0.0",
  "lockfileVersion": 1,
  "requires": true,
  "dependencies": {
    "dom7": {
      "version": "2.0.5",
      "resolved": "http://registry.npm.taobao.org/dom7/download/dom7-2.0.5.tgz",
      "integrity": "sha1-2Z4fQWys1ifG0+17kL5HyPPHslg=",
      "requires": {
        "ssr-window": "^1.0.0"
      }
    },
    "ssr-window": {
      "version": "1.0.0",
      "resolved": "http://registry.npm.taobao.org/ssr-window/download/ssr-window-1.0.0.tgz",
      "integrity": "sha1-jtG2vqoKNxun501lFdWEw/HPlzw="
    },
    "swiper": {
      "version": "4.2.6",
      "resolved": "http://registry.npm.taobao.org/swiper/download/swiper-4.2.6.tgz",
      "integrity": "sha1-nuUFJ+Peekni5WpY+Pb6lKA1i/U=",
      "requires": {
        "dom7": "^2.0.5",
        "ssr-window": "^1.0.0"
      }
    }
  }
}
